
Microsoft Visual Studio Solution File, Format Version 12.00
# Visual Studio 15
VisualStudioVersion = 15.0.28010.2036
MinimumVisualStudioVersion = 10.0.40219.1
Project("{9A19103F-16F7-4668-BE54-9A1E7A4F7556}") = "botsay", "src\botsay.csproj", "{FB8948A0-B616-46CC-BCB0-6645760286AD}"
EndProject
Global
	GlobalSection(SolutionConfigurationPlatforms) = preSolution
		Debug|Any CPU = Debug|Any CPU
		Release|Any CPU = Release|Any CPU
	EndGlobalSection
	GlobalSection(ProjectConfigurationPlatforms) = postSolution
		{FB8948A0-B616-46CC-BCB0-6645760286AD}.Debug|Any CPU.ActiveCfg = Debug|Any CPU
		{FB8948A0-B616-46CC-BCB0-6645760286AD}.Debug|Any CPU.Build.0 = Debug|Any CPU
		{FB8948A0-B616-46CC-BCB0-6645760286AD}.Release|Any CPU.ActiveCfg = Release|Any CPU
		{FB8948A0-B616-46CC-BCB0-6645760286AD}.Release|Any CPU.Build.0 = Release|Any CPU
	EndGlobalSection
	GlobalSection(SolutionProperties) = preSolution
		HideSolutionNode = FALSE
	EndGlobalSection
	GlobalSection(ExtensibilityGlobals) = postSolution
		SolutionGuid = {C8F30B15-0252-41D6-85C8-C6BE7E955580}
	EndGlobalSection
EndGlobal
